<?xml version="1.0" encoding="utf-8"?>
<Project ToolsVersion="4.0" xmlns="http://schemas.microsoft.com/developer/msbuild/2003">
  <ItemGroup>
    <Filter Include="Arquivos de Origem">
      <UniqueIdentifier>{4FC737F1-C7A5-4376-A066-2A32D752A2FF}</UniqueIdentifier>
      <Extensions>cpp;c;cc;cxx;c++;cppm;ixx;def;odl;idl;hpj;bat;asm;asmx</Extensions>
    </Filter>
    <Filter Include="Arquivos de Cabeçalho">
      <UniqueIdentifier>{93995380-89BD-4b04-88EB-625FBE52EBFB}</UniqueIdentifier>
      <Extensions>h;hh;hpp;hxx;h++;hm;inl;inc;ipp;xsd</Extensions>
    </Filter>
    <Filter Include="Arquivos de Recurso">
      <UniqueIdentifier>{67DA6AB6-F800-4c08-8B7A-83BB121AAD01}</UniqueIdentifier>
      <Extensions>rc;ico;cur;bmp;dlg;rc2;rct;bin;rgs;gif;jpg;jpeg;jpe;resx;tiff;tif;png;wav;mfcribbon-ms</Extensions>
    </Filter>
  </ItemGroup>
  <ItemGroup>
    <ClCompile Include="Jogo_Tec-Prog.cpp">
      <Filter>Arquivos de Origem</Filter>
    </ClCompile>
    <ClCompile Include="Game.cpp">
      <Filter>Arquivos de Origem</Filter>
    </ClCompile>
    <ClCompile Include="Entity.cpp">
      <Filter>Arquivos de Origem</Filter>
    </ClCompile>
    <ClCompile Include="Player.cpp">
      <Filter>Arquivos de Origem</Filter>
    </ClCompile>
    <ClCompile Include="GraphicManager.cpp">
      <Filter>Arquivos de Origem</Filter>
    </ClCompile>
    <ClCompile Include="EntitiesList.cpp">
      <Filter>Arquivos de Origem</Filter>
    </ClCompile>
    <ClCompile Include="MovingEntity.cpp">
      <Filter>Arquivos de Origem</Filter>
    </ClCompile>
    <ClCompile Include="Character.cpp">
      <Filter>Arquivos de Origem</Filter>
    </ClCompile>
    <ClCompile Include="Ente.cpp">
      <Filter>Arquivos de Origem</Filter>
    </ClCompile>
    <ClCompile Include="Obstacle.cpp">
      <Filter>Arquivos de Origem</Filter>
    </ClCompile>
    <ClCompile Include="CollisionManager.cpp">
      <Filter>Arquivos de Origem</Filter>
    </ClCompile>
    <ClCompile Include="EventsManager.cpp">
      <Filter>Arquivos de Origem</Filter>
    </ClCompile>
    <ClCompile Include="InputManager.cpp">
      <Filter>Arquivos de Origem</Filter>
    </ClCompile>
    <ClCompile Include="Observer.cpp">
      <Filter>Arquivos de Origem</Filter>
    </ClCompile>
    <ClCompile Include="PlayerObserver.cpp">
      <Filter>Arquivos de Origem</Filter>
    </ClCompile>
    <ClCompile Include="Enemy.cpp">
      <Filter>Arquivos de Origem</Filter>
    </ClCompile>
    <ClCompile Include="Zombie.cpp">
      <Filter>Arquivos de Origem</Filter>
    </ClCompile>
    <ClCompile Include="Thrower.cpp">
      <Filter>Arquivos de Origem</Filter>
    </ClCompile>
    <ClCompile Include="Projectile.cpp">
      <Filter>Arquivos de Origem</Filter>
    </ClCompile>
    <ClCompile Include="Boss.cpp">
      <Filter>Arquivos de Origem</Filter>
    </ClCompile>
    <ClCompile Include="Animation.cpp">
      <Filter>Arquivos de Origem</Filter>
    </ClCompile>
    <ClCompile Include="Level.cpp">
      <Filter>Arquivos de Origem</Filter>
    </ClCompile>
  </ItemGroup>
  <ItemGroup>
    <Image Include="luffy.png">
      <Filter>Arquivos de Recurso</Filter>
    </Image>
    <Image Include="zoro.png">
      <Filter>Arquivos de Recurso</Filter>
    </Image>
    <Image Include="Char_knife_idle.png">
      <Filter>Arquivos de Recurso</Filter>
    </Image>
    <Image Include="Char_knife_jump.png">
      <Filter>Arquivos de Recurso</Filter>
    </Image>
    <Image Include="Char_knife_shoot.png">
      <Filter>Arquivos de Recurso</Filter>
    </Image>
    <Image Include="Char_knife_walk.png">
      <Filter>Arquivos de Recurso</Filter>
    </Image>
    <Image Include="Zombie _Idle.png">
      <Filter>Arquivos de Recurso</Filter>
    </Image>
    <Image Include="Zombie _Walk.png">
      <Filter>Arquivos de Recurso</Filter>
    </Image>
    <Image Include="6_1.png">
      <Filter>Arquivos de Recurso</Filter>
    </Image>
    <Image Include="Char_knife_take_damage.png">
      <Filter>Arquivos de Recurso</Filter>
    </Image>
    <Image Include="Zombie _Hit.png">
      <Filter>Arquivos de Recurso</Filter>
    </Image>
    <Image Include="SpittingZombie - Projectile.png">
      <Filter>Arquivos de Recurso</Filter>
    </Image>
    <Image Include="SpittingZombie - Attack.png">
      <Filter>Arquivos de Recurso</Filter>
    </Image>
    <Image Include="SpittingZombie - Death.png">
      <Filter>Arquivos de Recurso</Filter>
    </Image>
    <Image Include="SpittingZombie - Hit.png">
      <Filter>Arquivos de Recurso</Filter>
    </Image>
    <Image Include="SpittingZombie - Idle.png">
      <Filter>Arquivos de Recurso</Filter>
    </Image>
    <Image Include="SpittingZombie - Walk.png">
      <Filter>Arquivos de Recurso</Filter>
    </Image>
    <Image Include="BigZombie - Attack.png">
      <Filter>Arquivos de Recurso</Filter>
    </Image>
    <Image Include="BigZombie - Death.png">
      <Filter>Arquivos de Recurso</Filter>
    </Image>
    <Image Include="BigZombie - Hit.png">
      <Filter>Arquivos de Recurso</Filter>
    </Image>
    <Image Include="BigZombie - Idle.png">
      <Filter>Arquivos de Recurso</Filter>
    </Image>
    <Image Include="BigZombie - Walk.png">
      <Filter>Arquivos de Recurso</Filter>
    </Image>
    <Image Include="Zombie_Death.png">
      <Filter>Arquivos de Recurso</Filter>
    </Image>
    <Image Include="10_1.png">
      <Filter>Arquivos de Recurso</Filter>
    </Image>
    <Image Include="7_1.png">
      <Filter>Arquivos de Recurso</Filter>
    </Image>
    <Image Include="9_1.png">
      <Filter>Arquivos de Recurso</Filter>
    </Image>
    <Image Include="Zombie_Attack.png">
      <Filter>Arquivos de Recurso</Filter>
    </Image>
    <Image Include="Char_knife_run.png">
      <Filter>Arquivos de Recurso</Filter>
    </Image>
  </ItemGroup>
  <ItemGroup>
    <ClInclude Include="Coord.h">
      <Filter>Arquivos de Cabeçalho</Filter>
    </ClInclude>
    <ClInclude Include="Game.h">
      <Filter>Arquivos de Cabeçalho</Filter>
    </ClInclude>
    <ClInclude Include="Entity.h">
      <Filter>Arquivos de Cabeçalho</Filter>
    </ClInclude>
    <ClInclude Include="Player.h">
      <Filter>Arquivos de Cabeçalho</Filter>
    </ClInclude>
    <ClInclude Include="GraphicManager.h">
      <Filter>Arquivos de Cabeçalho</Filter>
    </ClInclude>
    <ClInclude Include="List.h">
      <Filter>Arquivos de Cabeçalho</Filter>
    </ClInclude>
    <ClInclude Include="EntitiesList.h">
      <Filter>Arquivos de Cabeçalho</Filter>
    </ClInclude>
    <ClInclude Include="MovingEntity.h">
      <Filter>Arquivos de Cabeçalho</Filter>
    </ClInclude>
    <ClInclude Include="Character.h">
      <Filter>Arquivos de Cabeçalho</Filter>
    </ClInclude>
    <ClInclude Include="Ente.h">
      <Filter>Arquivos de Cabeçalho</Filter>
    </ClInclude>
    <ClInclude Include="Obstacle.h">
      <Filter>Arquivos de Cabeçalho</Filter>
    </ClInclude>
    <ClInclude Include="CollisionManager.h">
      <Filter>Arquivos de Cabeçalho</Filter>
    </ClInclude>
    <ClInclude Include="EventsManager.h">
      <Filter>Arquivos de Cabeçalho</Filter>
    </ClInclude>
    <ClInclude Include="InputManager.h">
      <Filter>Arquivos de Cabeçalho</Filter>
    </ClInclude>
    <ClInclude Include="Observer.h">
      <Filter>Arquivos de Cabeçalho</Filter>
    </ClInclude>
    <ClInclude Include="PlayerObserver.h">
      <Filter>Arquivos de Cabeçalho</Filter>
    </ClInclude>
    <ClInclude Include="Enemy.h">
      <Filter>Arquivos de Cabeçalho</Filter>
    </ClInclude>
    <ClInclude Include="Zombie.h">
      <Filter>Arquivos de Cabeçalho</Filter>
    </ClInclude>
    <ClInclude Include="Thrower.h">
      <Filter>Arquivos de Cabeçalho</Filter>
    </ClInclude>
    <ClInclude Include="Projectile.h">
      <Filter>Arquivos de Cabeçalho</Filter>
    </ClInclude>
    <ClInclude Include="Boss.h">
      <Filter>Arquivos de Cabeçalho</Filter>
    </ClInclude>
    <ClInclude Include="Animation.h">
      <Filter>Arquivos de Cabeçalho</Filter>
    </ClInclude>
    <ClInclude Include="Level.h">
      <Filter>Arquivos de Cabeçalho</Filter>
    </ClInclude>
  </ItemGroup>
</Project>